// !$*UTF8*$!
{
	archiveVersion = 1;
	classes = {
	};
	objectVersion = 50;
	objects = {

/* Begin PBXBuildFile section */
		6E1E671A2134C98A0036AC1E /* CategoryViewController.swift in Sources */ = {isa = PBXBuildFile; fileRef = 6E1E67192134C98A0036AC1E /* CategoryViewController.swift */; };
		6E1E675B2135BC200036AC1E /* Item.swift in Sources */ = {isa = PBXBuildFile; fileRef = 6E1E675A2135BC200036AC1E /* Item.swift */; };
		6E1E675D2135BC290036AC1E /* Category.swift in Sources */ = {isa = PBXBuildFile; fileRef = 6E1E675C2135BC290036AC1E /* Category.swift */; };
		6E8F90BA2137104C00273CA4 /* SwipeTableViewController.swift in Sources */ = {isa = PBXBuildFile; fileRef = 6E8F90B92137104C00273CA4 /* SwipeTableViewController.swift */; };
		6ED6FE56212FA73C00077911 /* AppDelegate.swift in Sources */ = {isa = PBXBuildFile; fileRef = 6ED6FE55212FA73C00077911 /* AppDelegate.swift */; };
		6ED6FE58212FA73C00077911 /* ToDoListViewController.swift in Sources */ = {isa = PBXBuildFile; fileRef = 6ED6FE57212FA73C00077911 /* ToDoListViewController.swift */; };
		6ED6FE5B212FA73C00077911 /* Main.storyboard in Resources */ = {isa = PBXBuildFile; fileRef = 6ED6FE59212FA73C00077911 /* Main.storyboard */; };
		6ED6FE5D212FA74500077911 /* Assets.xcassets in Resources */ = {isa = PBXBuildFile; fileRef = 6ED6FE5C212FA74500077911 /* Assets.xcassets */; };
		6ED6FE60212FA74500077911 /* LaunchScreen.storyboard in Resources */ = {isa = PBXBuildFile; fileRef = 6ED6FE5E212FA74500077911 /* LaunchScreen.storyboard */; };
		CD401273DC0362E7E12D29D2 /* Pods_StrikeMeOff_.framework in Frameworks */ = {isa = PBXBuildFile; fileRef = EE20DE1FB50E7835D630E910 /* Pods_StrikeMeOff_.framework */; };
/* End PBXBuildFile section */

/* Begin PBXFileReference section */
		6E1E67192134C98A0036AC1E /* CategoryViewController.swift */ = {isa = PBXFileReference; lastKnownFileType = sourcecode.swift; path = CategoryViewController.swift; sourceTree = "<group>"; };
		6E1E675A2135BC200036AC1E /* Item.swift */ = {isa = PBXFileReference; lastKnownFileType = sourcecode.swift; path = Item.swift; sourceTree = "<group>"; };
		6E1E675C2135BC290036AC1E /* Category.swift */ = {isa = PBXFileReference; lastKnownFileType = sourcecode.swift; path = Category.swift; sourceTree = "<group>"; };
		6E8F90B92137104C00273CA4 /* SwipeTableViewController.swift */ = {isa = PBXFileReference; lastKnownFileType = sourcecode.swift; path = SwipeTableViewController.swift; sourceTree = "<group>"; };
		6ED6FE52212FA73C00077911 /* StrikeMeOff!.app */ = {isa = PBXFileReference; explicitFileType = wrapper.application; includeInIndex = 0; path = "StrikeMeOff!.app"; sourceTree = BUILT_PRODUCTS_DIR; };
		6ED6FE55212FA73C00077911 /* AppDelegate.swift */ = {isa = PBXFileReference; lastKnownFileType = sourcecode.swift; path = AppDelegate.swift; sourceTree = "<group>"; };
		6ED6FE57212FA73C00077911 /* ToDoListViewController.swift */ = {isa = PBXFileReference; lastKnownFileType = sourcecode.swift; path = ToDoListViewController.swift; sourceTree = "<group>"; };
		6ED6FE5A212FA73C00077911 /* Base */ = {isa = PBXFileReference; lastKnownFileType = file.storyboard; name = Base; path = Base.lproj/Main.storyboard; sourceTree = "<group>"; };
		6ED6FE5C212FA74500077911 /* Assets.xcassets */ = {isa = PBXFileReference; lastKnownFileType = folder.assetcatalog; path = Assets.xcassets; sourceTree = "<group>"; };
		6ED6FE5F212FA74500077911 /* Base */ = {isa = PBXFileReference; lastKnownFileType = file.storyboard; name = Base; path = Base.lproj/LaunchScreen.storyboard; sourceTree = "<group>"; };
		6ED6FE61212FA74500077911 /* Info.plist */ = {isa = PBXFileReference; lastKnownFileType = text.plist.xml; path = Info.plist; sourceTree = "<group>"; };
		7FB4DE298309ED3037045DDB /* Pods-StrikeMeOff!.release.xcconfig */ = {isa = PBXFileReference; includeInIndex = 1; lastKnownFileType = text.xcconfig; name = "Pods-StrikeMeOff!.release.xcconfig"; path = "Pods/Target Support Files/Pods-StrikeMeOff!/Pods-StrikeMeOff!.release.xcconfig"; sourceTree = "<group>"; };
		8FB588014BCB7B612C69F1CD /* Pods-StrikeMeOff!.debug.xcconfig */ = {isa = PBXFileReference; includeInIndex = 1; lastKnownFileType = text.xcconfig; name = "Pods-StrikeMeOff!.debug.xcconfig"; path = "Pods/Target Support Files/Pods-StrikeMeOff!/Pods-StrikeMeOff!.debug.xcconfig"; sourceTree = "<group>"; };
		EE20DE1FB50E7835D630E910 /* Pods_StrikeMeOff_.framework */ = {isa = PBXFileReference; explicitFileType = wrapper.framework; includeInIndex = 0; path = Pods_StrikeMeOff_.framework; sourceTree = BUILT_PRODUCTS_DIR; };
/* End PBXFileReference section */

/* Begin PBXFrameworksBuildPhase section */
		6ED6FE4F212FA73C00077911 /* Frameworks */ = {
			isa = PBXFrameworksBuildPhase;
			buildActionMask = 2147483647;
			files = (
				CD401273DC0362E7E12D29D2 /* Pods_StrikeMeOff_.framework in Frameworks */,
			);
			runOnlyForDeploymentPostprocessing = 0;
		};
/* End PBXFrameworksBuildPhase section */

/* Begin PBXGroup section */
		6AA7371A44E275838A1C5680 /* Pods */ = {
			isa = PBXGroup;
			children = (
				8FB588014BCB7B612C69F1CD /* Pods-StrikeMeOff!.debug.xcconfig */,
				7FB4DE298309ED3037045DDB /* Pods-StrikeMeOff!.release.xcconfig */,
			);
			name = Pods;
			sourceTree = "<group>";
		};
		6E1E67542134DF9C0036AC1E /* Controller */ = {
			isa = PBXGroup;
			children = (
				6ED6FE55212FA73C00077911 /* AppDelegate.swift */,
				6E1E67192134C98A0036AC1E /* CategoryViewController.swift */,
				6ED6FE57212FA73C00077911 /* ToDoListViewController.swift */,
				6E8F90B92137104C00273CA4 /* SwipeTableViewController.swift */,
			);
			path = Controller;
			sourceTree = "<group>";
		};
		6E1E67552134DFAD0036AC1E /* Model */ = {
			isa = PBXGroup;
			children = (
				6E1E675A2135BC200036AC1E /* Item.swift */,
				6E1E675C2135BC290036AC1E /* Category.swift */,
			);
			path = Model;
			sourceTree = "<group>";
		};
		6E1E67562134DFBF0036AC1E /* View */ = {
			isa = PBXGroup;
			children = (
				6ED6FE59212FA73C00077911 /* Main.storyboard */,
			);
			path = View;
			sourceTree = "<group>";
		};
		6E1E67572134E04D0036AC1E /* Supporting Files */ = {
			isa = PBXGroup;
			children = (
				6ED6FE5C212FA74500077911 /* Assets.xcassets */,
			);
			path = "Supporting Files";
			sourceTree = "<group>";
		};
		6ED6FE49212FA73C00077911 = {
			isa = PBXGroup;
			children = (
				6ED6FE54212FA73C00077911 /* StrikeMeOff! */,
				6ED6FE53212FA73C00077911 /* Products */,
				6AA7371A44E275838A1C5680 /* Pods */,
				983516C59AF77625DC2DBF6B /* Frameworks */,
			);
			sourceTree = "<group>";
		};
		6ED6FE53212FA73C00077911 /* Products */ = {
			isa = PBXGroup;
			children = (
				6ED6FE52212FA73C00077911 /* StrikeMeOff!.app */,
			);
			name = Products;
			sourceTree = "<group>";
		};
		6ED6FE54212FA73C00077911 /* StrikeMeOff! */ = {
			isa = PBXGroup;
			children = (
				6E1E67562134DFBF0036AC1E /* View */,
				6E1E67552134DFAD0036AC1E /* Model */,
				6E1E67542134DF9C0036AC1E /* Controller */,
				6ED6FE5E212FA74500077911 /* LaunchScreen.storyboard */,
				6ED6FE61212FA74500077911 /* Info.plist */,
				6E1E67572134E04D0036AC1E /* Supporting Files */,
			);
			path = "StrikeMeOff!";
			sourceTree = "<group>";
		};
		983516C59AF77625DC2DBF6B /* Frameworks */ = {
			isa = PBXGroup;
			children = (
				EE20DE1FB50E7835D630E910 /* Pods_StrikeMeOff_.framework */,
			);
			name = Frameworks;
			sourceTree = "<group>";
		};
/* End PBXGroup section */

/* Begin PBXNativeTarget section */
		6ED6FE51212FA73C00077911 /* StrikeMeOff! */ = {
			isa = PBXNativeTarget;
			buildConfigurationList = 6ED6FE64212FA74500077911 /* Build configuration list for PBXNativeTarget "StrikeMeOff!" */;
			buildPhases = (
				BB7FD6B6FF80B3C329D76409 /* [CP] Check Pods Manifest.lock */,
				6ED6FE4E212FA73C00077911 /* Sources */,
				6ED6FE4F212FA73C00077911 /* Frameworks */,
				6ED6FE50212FA73C00077911 /* Resources */,
				5652BEB1944C2E5437E12FEE /* [CP] Embed Pods Frameworks */,
			);
			buildRules = (
			);
			dependencies = (
			);
			name = "StrikeMeOff!";
			productName = "StrikeMeOff!";
			productReference = 6ED6FE52212FA73C00077911 /* StrikeMeOff!.app */;
			productType = "com.apple.product-type.application";
		};
/* End PBXNativeTarget section */

/* Begin PBXProject section */
		6ED6FE4A212FA73C00077911 /* Project object */ = {
			isa = PBXProject;
			attributes = {
				LastSwiftUpdateCheck = 0940;
				LastUpgradeCheck = 0940;
				ORGANIZATIONNAME = "AMoDynamics, Inc.";
				TargetAttributes = {
					6ED6FE51212FA73C00077911 = {
						CreatedOnToolsVersion = 9.4.1;
					};
				};
			};
			buildConfigurationList = 6ED6FE4D212FA73C00077911 /* Build configuration list for PBXProject "StrikeMeOff!" */;
			compatibilityVersion = "Xcode 9.3";
			developmentRegion = en;
			hasScannedForEncodings = 0;
			knownRegions = (
				en,
				Base,
			);
			mainGroup = 6ED6FE49212FA73C00077911;
			productRefGroup = 6ED6FE53212FA73C00077911 /* Products */;
			projectDirPath = "";
			projectRoot = "";
			targets = (
				6ED6FE51212FA73C00077911 /* StrikeMeOff! */,
			);
		};
/* End PBXProject section */

/* Begin PBXResourcesBuildPhase section */
		6ED6FE50212FA73C00077911 /* Resources */ = {
			isa = PBXResourcesBuildPhase;
			buildActionMask = 2147483647;
			files = (
				6ED6FE60212FA74500077911 /* LaunchScreen.storyboard in Resources */,
				6ED6FE5D212FA74500077911 /* Assets.xcassets in Resources */,
				6ED6FE5B212FA73C00077911 /* Main.storyboard in Resources */,
			);
			runOnlyForDeploymentPostprocessing = 0;
		};
/* End PBXResourcesBuildPhase section */

/* Begin PBXShellScriptBuildPhase section */
		5652BEB1944C2E5437E12FEE /* [CP] Embed Pods Frameworks */ = {
			isa = PBXShellScriptBuildPhase;
			buildActionMask = 2147483647;
			files = (
			);
			inputPaths = (
				"${SRCROOT}/Pods/Target Support Files/Pods-StrikeMeOff!/Pods-StrikeMeOff!-frameworks.sh",
				"${BUILT_PRODUCTS_DIR}/ChameleonFramework/ChameleonFramework.framework",
				"${BUILT_PRODUCTS_DIR}/Realm/Realm.framework",
				"${BUILT_PRODUCTS_DIR}/RealmSwift/RealmSwift.framework",
				"${BUILT_PRODUCTS_DIR}/SwipeCellKit/SwipeCellKit.framework",
			);
			name = "[CP] Embed Pods Frameworks";
			outputPaths = (
				"${TARGET_BUILD_DIR}/${FRAMEWORKS_FOLDER_PATH}/ChameleonFramework.framework",
				"${TARGET_BUILD_DIR}/${FRAMEWORKS_FOLDER_PATH}/Realm.framework",
				"${TARGET_BUILD_DIR}/${FRAMEWORKS_FOLDER_PATH}/RealmSwift.framework",
				"${TARGET_BUILD_DIR}/${FRAMEWORKS_FOLDER_PATH}/SwipeCellKit.framework",
			);
			runOnlyForDeploymentPostprocessing = 0;
			shellPath = /bin/sh;
			shellScript = "\"${SRCROOT}/Pods/Target Support Files/Pods-StrikeMeOff!/Pods-StrikeMeOff!-frameworks.sh\"\n";
			showEnvVarsInLog = 0;
		};
		BB7FD6B6FF80B3C329D76409 /* [CP] Check Pods Manifest.lock */ = {
			isa = PBXShellScriptBuildPhase;
			buildActionMask = 2147483647;
			files = (
			);
			inputPaths = (
				"${PODS_PODFILE_DIR_PATH}/Podfile.lock",
				"${PODS_ROOT}/Manifest.lock",
			);
			name = "[CP] Check Pods Manifest.lock";
			outputPaths = (
				"$(DERIVED_FILE_DIR)/Pods-StrikeMeOff!-checkManifestLockResult.txt",
			);
			runOnlyForDeploymentPostprocessing = 0;
			shellPath = /bin/sh;
			shellScript = "diff \"${PODS_PODFILE_DIR_PATH}/Podfile.lock\" \"${PODS_ROOT}/Manifest.lock\" > /dev/null\nif [ $? != 0 ] ; then\n    # print error to STDERR\n    echo \"error: The sandbox is not in sync with the Podfile.lock. Run 'pod install' or update your CocoaPods installation.\" >&2\n    exit 1\nfi\n# This output is used by Xcode 'outputs' to avoid re-running this script phase.\necho \"SUCCESS\" > \"${SCRIPT_OUTPUT_FILE_0}\"\n";
			showEnvVarsInLog = 0;
		};
/* End PBXShellScriptBuildPhase section */

/* Begin PBXSourcesBuildPhase section */
		6ED6FE4E212FA73C00077911 /* Sources */ = {
			isa = PBXSourcesBuildPhase;
			buildActionMask = 2147483647;
			files = (
				6ED6FE58212FA73C00077911 /* ToDoListViewController.swift in Sources */,
				6E1E675D2135BC290036AC1E /* Category.swift in Sources */,
				6E1E675B2135BC200036AC1E /* Item.swift in Sources */,
				6ED6FE56212FA73C00077911 /* AppDelegate.swift in Sources */,
				6E8F90BA2137104C00273CA4 /* SwipeTableViewController.swift in Sources */,
				6E1E671A2134C98A0036AC1E /* CategoryViewController.swift in Sources */,
			);
			runOnlyForDeploymentPostprocessing = 0;
		};
/* End PBXSourcesBuildPhase section */

/* Begin PBXVariantGroup section */
		6ED6FE59212FA73C00077911 /* Main.storyboard */ = {
			isa = PBXVariantGroup;
			children = (
				6ED6FE5A212FA73C00077911 /* Base */,
			);
			name = Main.storyboard;
			sourceTree = "<group>";
		};
		6ED6FE5E212FA74500077911 /* LaunchScreen.storyboard */ = {
			isa = PBXVariantGroup;
			children = (
				6ED6FE5F212FA74500077911 /* Base */,
			);
			name = LaunchScreen.storyboard;
			sourceTree = "<group>";
		};
/* End PBXVariantGroup section */

/* Begin XCBuildConfiguration section */
		6ED6FE62212FA74500077911 /* Debug */ = {
			isa = XCBuildConfiguration;
			buildSettings = {
				ALWAYS_SEARCH_USER_PATHS = NO;
				CLANG_ANALYZER_NONNULL = YES;
				CLANG_ANALYZER_NUMBER_OBJECT_CONVERSION = YES_AGGRESSIVE;
				CLANG_CXX_LANGUAGE_STANDARD = "gnu++14";
				CLANG_CXX_LIBRARY = "libc++";
				CLANG_ENABLE_MODULES = YES;
				CLANG_ENABLE_OBJC_ARC = YES;
				CLANG_ENABLE_OBJC_WEAK = YES;
				CLANG_WARN_BLOCK_CAPTURE_AUTORELEASING = YES;
				CLANG_WARN_BOOL_CONVERSION = YES;
				CLANG_WARN_COMMA = YES;
				CLANG_WARN_CONSTANT_CONVERSION = YES;
				CLANG_WARN_DEPRECATED_OBJC_IMPLEMENTATIONS = YES;
				CLANG_WARN_DIRECT_OBJC_ISA_USAGE = YES_ERROR;
				CLANG_WARN_DOCUMENTATION_COMMENTS = YES;
				CLANG_WARN_EMPTY_BODY = YES;
				CLANG_WARN_ENUM_CONVERSION = YES;
				CLANG_WARN_INFINITE_RECURSION = YES;
				CLANG_WARN_INT_CONVERSION = YES;
				CLANG_WARN_NON_LITERAL_NULL_CONVERSION = YES;
				CLANG_WARN_OBJC_IMPLICIT_RETAIN_SELF = YES;
				CLANG_WARN_OBJC_LITERAL_CONVERSION = YES;
				CLANG_WARN_OBJC_ROOT_CLASS = YES_ERROR;
				CLANG_WARN_RANGE_LOOP_ANALYSIS = YES;
				CLANG_WARN_STRICT_PROTOTYPES = YES;
				CLANG_WARN_SUSPICIOUS_MOVE = YES;
				CLANG_WARN_UNGUARDED_AVAILABILITY = YES_AGGRESSIVE;
				CLANG_WARN_UNREACHABLE_CODE = YES;
				CLANG_WARN__DUPLICATE_METHOD_MATCH = YES;
				CODE_SIGN_IDENTITY = "iPhone Developer";
				COPY_PHASE_STRIP = NO;
				DEBUG_INFORMATION_FORMAT = dwarf;
				ENABLE_STRICT_OBJC_MSGSEND = YES;
				ENABLE_TESTABILITY = YES;
				GCC_C_LANGUAGE_STANDARD = gnu11;
				GCC_DYNAMIC_NO_PIC = NO;
				GCC_NO_COMMON_BLOCKS = YES;
				GCC_OPTIMIZATION_LEVEL = 0;
				GCC_PREPROCESSOR_DEFINITIONS = (
					"DEBUG=1",
					"$(inherited)",
				);
				GCC_WARN_64_TO_32_BIT_CONVERSION = YES;
				GCC_WARN_ABOUT_RETURN_TYPE = YES_ERROR;
				GCC_WARN_UNDECLARED_SELECTOR = YES;
				GCC_WARN_UNINITIALIZED_AUTOS = YES_AGGRESSIVE;
				GCC_WARN_UNUSED_FUNCTION = YES;
				GCC_WARN_UNUSED_VARIABLE = YES;
				IPHONEOS_DEPLOYMENT_TARGET = 11.4;
				MTL_ENABLE_DEBUG_INFO = YES;
				ONLY_ACTIVE_ARCH = YES;
				SDKROOT = iphoneos;
				SWIFT_ACTIVE_COMPILATION_CONDITIONS = DEBUG;
				SWIFT_OPTIMIZATION_LEVEL = "-Onone";
			};
			name = Debug;
		};
		6ED6FE63212FA74500077911 /* Release */ = {
			isa = XCBuildConfiguration;
			buildSettings = {
				ALWAYS_SEARCH_USER_PATHS = NO;
				CLANG_ANALYZER_NONNULL = YES;
				CLANG_ANALYZER_NUMBER_OBJECT_CONVERSION = YES_AGGRESSIVE;
				CLANG_CXX_LANGUAGE_STANDARD = "gnu++14";
				CLANG_CXX_LIBRARY = "libc++";
				CLANG_ENABLE_MODULES = YES;
				CLANG_ENABLE_OBJC_ARC = YES;
				CLANG_ENABLE_OBJC_WEAK = YES;
				CLANG_WARN_BLOCK_CAPTURE_AUTORELEASING = YES;
				CLANG_WARN_BOOL_CONVERSION = YES;
				CLANG_WARN_COMMA = YES;
				CLANG_WARN_CONSTANT_CONVERSION = YES;
				CLANG_WARN_DEPRECATED_OBJC_IMPLEMENTATIONS = YES;
				CLANG_WARN_DIRECT_OBJC_ISA_USAGE = YES_ERROR;
				CLANG_WARN_DOCUMENTATION_COMMENTS = YES;
				CLANG_WARN_EMPTY_BODY = YES;
				CLANG_WARN_ENUM_CONVERSION = YES;
				CLANG_WARN_INFINITE_RECURSION = YES;
				CLANG_WARN_INT_CONVERSION = YES;
				CLANG_WARN_NON_LITERAL_NULL_CONVERSION = YES;
				CLANG_WARN_OBJC_IMPLICIT_RETAIN_SELF = YES;
				CLANG_WARN_OBJC_LITERAL_CONVERSION = YES;
				CLANG_WARN_OBJC_ROOT_CLASS = YES_ERROR;
				CLANG_WARN_RANGE_LOOP_ANALYSIS = YES;
				CLANG_WARN_STRICT_PROTOTYPES = YES;
				CLANG_WARN_SUSPICIOUS_MOVE = YES;
				CLANG_WARN_UNGUARDED_AVAILABILITY = YES_AGGRESSIVE;
				CLANG_WARN_UNREACHABLE_CODE = YES;
				CLANG_WARN__DUPLICATE_METHOD_MATCH = YES;
				CODE_SIGN_IDENTITY = "iPhone Developer";
				COPY_PHASE_STRIP = NO;
				DEBUG_INFORMATION_FORMAT = "dwarf-with-dsym";
				ENABLE_NS_ASSERTIONS = NO;
				ENABLE_STRICT_OBJC_MSGSEND = YES;
				GCC_C_LANGUAGE_STANDARD = gnu11;
				GCC_NO_COMMON_BLOCKS = YES;
				GCC_WARN_64_TO_32_BIT_CONVERSION = YES;
				GCC_WARN_ABOUT_RETURN_TYPE = YES_ERROR;
				GCC_WARN_UNDECLARED_SELECTOR = YES;
				GCC_WARN_UNINITIALIZED_AUTOS = YES_AGGRESSIVE;
				GCC_WARN_UNUSED_FUNCTION = YES;
				GCC_WARN_UNUSED_VARIABLE = YES;
				IPHONEOS_DEPLOYMENT_TARGET = 11.4;
				MTL_ENABLE_DEBUG_INFO = NO;
				SDKROOT = iphoneos;
				SWIFT_COMPILATION_MODE = wholemodule;
				SWIFT_OPTIMIZATION_LEVEL = "-O";
				VALIDATE_PRODUCT = YES;
			};
			name = Release;
		};
		6ED6FE65212FA74500077911 /* Debug */ = {
			isa = XCBuildConfiguration;
			baseConfigurationReference = 8FB588014BCB7B612C69F1CD /* Pods-StrikeMeOff!.debug.xcconfig */;
			buildSettings = {
				ASSETCATALOG_COMPILER_APPICON_NAME = AppIcon;
				CODE_SIGN_STYLE = Automatic;
				DEVELOPMENT_TEAM = W5KN6YWD68;
				INFOPLIST_FILE = "StrikeMeOff!/Info.plist";
				LD_RUNPATH_SEARCH_PATHS = (
					"$(inherited)",
					"@executable_path/Frameworks",
				);
				PRODUCT_BUNDLE_IDENTIFIER = "com.SidhantChadha.AMoDynamics.StrikeMeOff-";
				PRODUCT_NAME = "$(TARGET_NAME)";
				SWIFT_VERSION = 4.0;
				TARGETED_DEVICE_FAMILY = "1,2";
			};
			name = Debug;
		};
		6ED6FE66212FA74500077911 /* Release */ = {
			isa = XCBuildConfiguration;
			baseConfigurationReference = 7FB4DE298309ED3037045DDB /* Pods-StrikeMeOff!.release.xcconfig */;
			buildSettings = {
				ASSETCATALOG_COMPILER_APPICON_NAME = AppIcon;
				CODE_SIGN_STYLE = Automatic;
				DEVELOPMENT_TEAM = W5KN6YWD68;
				INFOPLIST_FILE = "StrikeMeOff!/Info.plist";
				LD_RUNPATH_SEARCH_PATHS = (
					"$(inherited)",
					"@executable_path/Frameworks",
				);
				PRODUCT_BUNDLE_IDENTIFIER = "com.SidhantChadha.AMoDynamics.StrikeMeOff-";
				PRODUCT_NAME = "$(TARGET_NAME)";
				SWIFT_VERSION = 4.0;
				TARGETED_DEVICE_FAMILY = "1,2";
			};
			name = Release;
		};
/* End XCBuildConfiguration section */

/* Begin XCConfigurationList section */
		6ED6FE4D212FA73C00077911 /* Build configuration list for PBXProject "StrikeMeOff!" */ = {
			isa = XCConfigurationList;
			buildConfigurations = (
				6ED6FE62212FA74500077911 /* Debug */,
				6ED6FE63212FA74500077911 /* Release */,
			);
			defaultConfigurationIsVisible = 0;
			defaultConfigurationName = Release;
		};
		6ED6FE64212FA74500077911 /* Build configuration list for PBXNativeTarget "StrikeMeOff!" */ = {
			isa = XCConfigurationList;
			buildConfigurations = (
				6ED6FE65212FA74500077911 /* Debug */,
				6ED6FE66212FA74500077911 /* Release */,
			);
			defaultConfigurationIsVisible = 0;
			defaultConfigurationName = Release;
		};
/* End XCConfigurationList section */
	};
	rootObject = 6ED6FE4A212FA73C00077911 /* Project object */;
}
